// !$*UTF8*$!
{
	archiveVersion = 1;
	classes = {
	};
	objectVersion = 55;
	objects = {

/* Begin PBXBuildFile section */
		615710D6C77EA60A8AD5D956 /* Pods_bankcard.framework in Frameworks */ = {isa = PBXBuildFile; fileRef = DE6ED547BE5BEA48CE43D7EF /* Pods_bankcard.framework */; };
		C18217B82604E1260010F354 /* AppDelegate.swift in Sources */ = {isa = PBXBuildFile; fileRef = C18217B72604E1260010F354 /* AppDelegate.swift */; };
		C18217BA2604E1260010F354 /* SceneDelegate.swift in Sources */ = {isa = PBXBuildFile; fileRef = C18217B92604E1260010F354 /* SceneDelegate.swift */; };
		C18217BC2604E1260010F354 /* MainViewController.swift in Sources */ = {isa = PBXBuildFile; fileRef = C18217BB2604E1260010F354 /* MainViewController.swift */; };
		C18217BF2604E1260010F354 /* Main.storyboard in Resources */ = {isa = PBXBuildFile; fileRef = C18217BD2604E1260010F354 /* Main.storyboard */; };
		C18217C12604E1260010F354 /* Assets.xcassets in Resources */ = {isa = PBXBuildFile; fileRef = C18217C02604E1260010F354 /* Assets.xcassets */; };
		C18217C42604E1260010F354 /* LaunchScreen.storyboard in Resources */ = {isa = PBXBuildFile; fileRef = C18217C22604E1260010F354 /* LaunchScreen.storyboard */; };
		C18217D22604E7560010F354 /* CardTableViewCell.xib in Resources */ = {isa = PBXBuildFile; fileRef = C18217D02604E7560010F354 /* CardTableViewCell.xib */; };
		C18217D32604E7560010F354 /* CardTableViewCell.swift in Sources */ = {isa = PBXBuildFile; fileRef = C18217D12604E7560010F354 /* CardTableViewCell.swift */; };
		C18217D826059E350010F354 /* AddViewController.swift in Sources */ = {isa = PBXBuildFile; fileRef = C18217D726059E350010F354 /* AddViewController.swift */; };
		C18217DE2605A08B0010F354 /* AddCell.swift in Sources */ = {isa = PBXBuildFile; fileRef = C18217DC2605A08B0010F354 /* AddCell.swift */; };
		C18217DF2605A08B0010F354 /* AddCell.xib in Resources */ = {isa = PBXBuildFile; fileRef = C18217DD2605A08B0010F354 /* AddCell.xib */; };
		C18217E22605A4B10010F354 /* AddBankCardViewController.swift in Sources */ = {isa = PBXBuildFile; fileRef = C18217E12605A4B10010F354 /* AddBankCardViewController.swift */; };
		C18217F02605BF9D0010F354 /* CardType.swift in Sources */ = {isa = PBXBuildFile; fileRef = C18217EF2605BF9D0010F354 /* CardType.swift */; };
		C18217FE2605D5780010F354 /* Tool.swift in Sources */ = {isa = PBXBuildFile; fileRef = C18217FD2605D5780010F354 /* Tool.swift */; };
		C18218022605DA230010F354 /* TypeBankInfoViewController.swift in Sources */ = {isa = PBXBuildFile; fileRef = C18218002605DA230010F354 /* TypeBankInfoViewController.swift */; };
		C18218062605DA920010F354 /* InputBankCardView.xib in Resources */ = {isa = PBXBuildFile; fileRef = C18218052605DA920010F354 /* InputBankCardView.xib */; };
		C18218092605DBFF0010F354 /* InputBankCardView.swift in Sources */ = {isa = PBXBuildFile; fileRef = C18218082605DBFF0010F354 /* InputBankCardView.swift */; };
		C182180D2605FE950010F354 /* PassCore.swift in Sources */ = {isa = PBXBuildFile; fileRef = C182180C2605FE950010F354 /* PassCore.swift */; };
		C1821826260EDE800010F354 /* Localizable.strings in Resources */ = {isa = PBXBuildFile; fileRef = C1821828260EDE800010F354 /* Localizable.strings */; };
		C18589342A32D21B00ABD633 /* ZJDefaultCell.swift in Sources */ = {isa = PBXBuildFile; fileRef = C185892C2A32D21B00ABD633 /* ZJDefaultCell.swift */; };
		C18589352A32D21B00ABD633 /* ZJTableViewSection.swift in Sources */ = {isa = PBXBuildFile; fileRef = C185892D2A32D21B00ABD633 /* ZJTableViewSection.swift */; };
		C18589362A32D21B00ABD633 /* ZJProtocol.swift in Sources */ = {isa = PBXBuildFile; fileRef = C185892E2A32D21B00ABD633 /* ZJProtocol.swift */; };
		C18589372A32D21B00ABD633 /* ZJTableViewItem.swift in Sources */ = {isa = PBXBuildFile; fileRef = C185892F2A32D21B00ABD633 /* ZJTableViewItem.swift */; };
		C18589382A32D21B00ABD633 /* ZJTableViewManager.swift in Sources */ = {isa = PBXBuildFile; fileRef = C18589302A32D21B00ABD633 /* ZJTableViewManager.swift */; };
		C18589392A32D21B00ABD633 /* ZJExpandTreeCellItem.swift in Sources */ = {isa = PBXBuildFile; fileRef = C18589322A32D21B00ABD633 /* ZJExpandTreeCellItem.swift */; };
		C1BF5F7B2A38619A00C928F1 /* UIViewController+EX.swift in Sources */ = {isa = PBXBuildFile; fileRef = C1BF5F7A2A38619A00C928F1 /* UIViewController+EX.swift */; };
		C1D04CA12A32CC3200E66C7C /* EmptyDataSet-Swift in Frameworks */ = {isa = PBXBuildFile; productRef = C1D04CA02A32CC3200E66C7C /* EmptyDataSet-Swift */; };
		C1D04CA42A32CC5D00E66C7C /* L10n-swift in Frameworks */ = {isa = PBXBuildFile; productRef = C1D04CA32A32CC5D00E66C7C /* L10n-swift */; };
		C1EEE1542A9F1BDA00DEA411 /* SettingViewController.swift in Sources */ = {isa = PBXBuildFile; fileRef = C1EEE1532A9F1BDA00DEA411 /* SettingViewController.swift */; };
		C1EEE1592A9F1DC100DEA411 /* SwitchCell.swift in Sources */ = {isa = PBXBuildFile; fileRef = C1EEE1572A9F1DC100DEA411 /* SwitchCell.swift */; };
		C1EEE15A2A9F1DC100DEA411 /* SwitchCell.xib in Resources */ = {isa = PBXBuildFile; fileRef = C1EEE1582A9F1DC100DEA411 /* SwitchCell.xib */; };
		C1EEE15C2A9F347700DEA411 /* UIColor+Ex.swift in Sources */ = {isa = PBXBuildFile; fileRef = C1EEE15B2A9F347700DEA411 /* UIColor+Ex.swift */; };
		C1EEE15E2AA074B500DEA411 /* UserDefaults+EX.swift in Sources */ = {isa = PBXBuildFile; fileRef = C1EEE15D2AA074B500DEA411 /* UserDefaults+EX.swift */; };
		C1EEE1AE2AA4BA8900DEA411 /* EditBankCardViewController.swift in Sources */ = {isa = PBXBuildFile; fileRef = C1EEE1AD2AA4BA8900DEA411 /* EditBankCardViewController.swift */; };
		C1EEE1B12AA5800700DEA411 /* BankCardCell.swift in Sources */ = {isa = PBXBuildFile; fileRef = C1EEE1AF2AA5800700DEA411 /* BankCardCell.swift */; };
		C1EEE1B22AA5800700DEA411 /* BankCardCell.xib in Resources */ = {isa = PBXBuildFile; fileRef = C1EEE1B02AA5800700DEA411 /* BankCardCell.xib */; };
		C1EEE1B42AA5BAFB00DEA411 /* Notification+EX.swift in Sources */ = {isa = PBXBuildFile; fileRef = C1EEE1B32AA5BAFB00DEA411 /* Notification+EX.swift */; };
		C1EEE1B62AA5D49B00DEA411 /* UITextField+EX.swift in Sources */ = {isa = PBXBuildFile; fileRef = C1EEE1B52AA5D49B00DEA411 /* UITextField+EX.swift */; };
		C1EEE1B82AA5DD4C00DEA411 /* String+EX.swift in Sources */ = {isa = PBXBuildFile; fileRef = C1EEE1B72AA5DD4C00DEA411 /* String+EX.swift */; };
		C1EEE1CD2AA71C4E00DEA411 /* KeychainSwift in Frameworks */ = {isa = PBXBuildFile; productRef = C1EEE1CC2AA71C4E00DEA411 /* KeychainSwift */; };
		C1EEE1D72AA9AE6E00DEA411 /* LAContext+EX.swift in Sources */ = {isa = PBXBuildFile; fileRef = C1EEE1D62AA9AE6E00DEA411 /* LAContext+EX.swift */; };
		C1F92CE22B31401E00971655 /* TopOnAdManager.swift in Sources */ = {isa = PBXBuildFile; fileRef = C1F92CE12B31401E00971655 /* TopOnAdManager.swift */; };
/* End PBXBuildFile section */

/* Begin PBXFileReference section */
		80B268583D84B15DC3C6781A /* Pods-bankcard.release.xcconfig */ = {isa = PBXFileReference; includeInIndex = 1; lastKnownFileType = text.xcconfig; name = "Pods-bankcard.release.xcconfig"; path = "Target Support Files/Pods-bankcard/Pods-bankcard.release.xcconfig"; sourceTree = "<group>"; };
		C129C7D02AAB183C0099CCCB /* ja */ = {isa = PBXFileReference; lastKnownFileType = text.plist.strings; name = ja; path = ja.lproj/Main.strings; sourceTree = "<group>"; };
		C129C7D12AAB183C0099CCCB /* ja */ = {isa = PBXFileReference; lastKnownFileType = text.plist.strings; name = ja; path = ja.lproj/LaunchScreen.strings; sourceTree = "<group>"; };
		C129C7D22AAB183C0099CCCB /* ja */ = {isa = PBXFileReference; lastKnownFileType = text.plist.strings; name = ja; path = ja.lproj/Localizable.strings; sourceTree = "<group>"; };
		C129C7D32AAB18B20099CCCB /* ko */ = {isa = PBXFileReference; lastKnownFileType = text.plist.strings; name = ko; path = ko.lproj/Main.strings; sourceTree = "<group>"; };
		C129C7D42AAB18B20099CCCB /* ko */ = {isa = PBXFileReference; lastKnownFileType = text.plist.strings; name = ko; path = ko.lproj/LaunchScreen.strings; sourceTree = "<group>"; };
		C129C7D52AAB18B20099CCCB /* ko */ = {isa = PBXFileReference; lastKnownFileType = text.plist.strings; name = ko; path = ko.lproj/Localizable.strings; sourceTree = "<group>"; };
		C129C7D62AAB59680099CCCB /* zh-HK */ = {isa = PBXFileReference; lastKnownFileType = text.plist.strings; name = "zh-HK"; path = "zh-HK.lproj/Main.strings"; sourceTree = "<group>"; };
		C129C7D72AAB59680099CCCB /* zh-HK */ = {isa = PBXFileReference; lastKnownFileType = text.plist.strings; name = "zh-HK"; path = "zh-HK.lproj/LaunchScreen.strings"; sourceTree = "<group>"; };
		C129C7D82AAB59690099CCCB /* zh-HK */ = {isa = PBXFileReference; lastKnownFileType = text.plist.strings; name = "zh-HK"; path = "zh-HK.lproj/Localizable.strings"; sourceTree = "<group>"; };
		C129C7D92AAB59760099CCCB /* zh-Hant */ = {isa = PBXFileReference; lastKnownFileType = text.plist.strings; name = "zh-Hant"; path = "zh-Hant.lproj/Main.strings"; sourceTree = "<group>"; };
		C129C7DA2AAB59760099CCCB /* zh-Hant */ = {isa = PBXFileReference; lastKnownFileType = text.plist.strings; name = "zh-Hant"; path = "zh-Hant.lproj/LaunchScreen.strings"; sourceTree = "<group>"; };
		C129C7DB2AAB59760099CCCB /* zh-Hant */ = {isa = PBXFileReference; lastKnownFileType = text.plist.strings; name = "zh-Hant"; path = "zh-Hant.lproj/Localizable.strings"; sourceTree = "<group>"; };
		C129C7DC2AAB5CE60099CCCB /* fr */ = {isa = PBXFileReference; lastKnownFileType = text.plist.strings; name = fr; path = fr.lproj/Main.strings; sourceTree = "<group>"; };
		C129C7DD2AAB5CE60099CCCB /* fr */ = {isa = PBXFileReference; lastKnownFileType = text.plist.strings; name = fr; path = fr.lproj/LaunchScreen.strings; sourceTree = "<group>"; };
		C129C7DE2AAB5CE60099CCCB /* fr */ = {isa = PBXFileReference; lastKnownFileType = text.plist.strings; name = fr; path = fr.lproj/Localizable.strings; sourceTree = "<group>"; };
		C18217B42604E1260010F354 /* bankcard.app */ = {isa = PBXFileReference; explicitFileType = wrapper.application; includeInIndex = 0; path = bankcard.app; sourceTree = BUILT_PRODUCTS_DIR; };
		C18217B72604E1260010F354 /* AppDelegate.swift */ = {isa = PBXFileReference; lastKnownFileType = sourcecode.swift; path = AppDelegate.swift; sourceTree = "<group>"; };
		C18217B92604E1260010F354 /* SceneDelegate.swift */ = {isa = PBXFileReference; lastKnownFileType = sourcecode.swift; path = SceneDelegate.swift; sourceTree = "<group>"; };
		C18217BB2604E1260010F354 /* MainViewController.swift */ = {isa = PBXFileReference; lastKnownFileType = sourcecode.swift; path = MainViewController.swift; sourceTree = "<group>"; };
		C18217BE2604E1260010F354 /* Base */ = {isa = PBXFileReference; lastKnownFileType = file.storyboard; name = Base; path = Base.lproj/Main.storyboard; sourceTree = "<group>"; };
		C18217C02604E1260010F354 /* Assets.xcassets */ = {isa = PBXFileReference; lastKnownFileType = folder.assetcatalog; path = Assets.xcassets; sourceTree = "<group>"; };
		C18217C32604E1260010F354 /* Base */ = {isa = PBXFileReference; lastKnownFileType = file.storyboard; name = Base; path = Base.lproj/LaunchScreen.storyboard; sourceTree = "<group>"; };
		C18217C52604E1260010F354 /* Info.plist */ = {isa = PBXFileReference; lastKnownFileType = text.plist.xml; path = Info.plist; sourceTree = "<group>"; };
		C18217D02604E7560010F354 /* CardTableViewCell.xib */ = {isa = PBXFileReference; fileEncoding = 4; lastKnownFileType = file.xib; path = CardTableViewCell.xib; sourceTree = "<group>"; };
		C18217D12604E7560010F354 /* CardTableViewCell.swift */ = {isa = PBXFileReference; fileEncoding = 4; lastKnownFileType = sourcecode.swift; path = CardTableViewCell.swift; sourceTree = "<group>"; };
		C18217D726059E350010F354 /* AddViewController.swift */ = {isa = PBXFileReference; lastKnownFileType = sourcecode.swift; path = AddViewController.swift; sourceTree = "<group>"; };
		C18217DC2605A08B0010F354 /* AddCell.swift */ = {isa = PBXFileReference; lastKnownFileType = sourcecode.swift; path = AddCell.swift; sourceTree = "<group>"; };
		C18217DD2605A08B0010F354 /* AddCell.xib */ = {isa = PBXFileReference; lastKnownFileType = file.xib; path = AddCell.xib; sourceTree = "<group>"; };
		C18217E12605A4B10010F354 /* AddBankCardViewController.swift */ = {isa = PBXFileReference; lastKnownFileType = sourcecode.swift; path = AddBankCardViewController.swift; sourceTree = "<group>"; };
		C18217EF2605BF9D0010F354 /* CardType.swift */ = {isa = PBXFileReference; lastKnownFileType = sourcecode.swift; path = CardType.swift; sourceTree = "<group>"; };
		C18217FD2605D5780010F354 /* Tool.swift */ = {isa = PBXFileReference; lastKnownFileType = sourcecode.swift; path = Tool.swift; sourceTree = "<group>"; };
		C18218002605DA230010F354 /* TypeBankInfoViewController.swift */ = {isa = PBXFileReference; lastKnownFileType = sourcecode.swift; path = TypeBankInfoViewController.swift; sourceTree = "<group>"; };
		C18218052605DA920010F354 /* InputBankCardView.xib */ = {isa = PBXFileReference; lastKnownFileType = file.xib; path = InputBankCardView.xib; sourceTree = "<group>"; };
		C18218082605DBFF0010F354 /* InputBankCardView.swift */ = {isa = PBXFileReference; lastKnownFileType = sourcecode.swift; path = InputBankCardView.swift; sourceTree = "<group>"; };
		C182180C2605FE950010F354 /* PassCore.swift */ = {isa = PBXFileReference; lastKnownFileType = sourcecode.swift; path = PassCore.swift; sourceTree = "<group>"; };
		C1821827260EDE800010F354 /* en */ = {isa = PBXFileReference; lastKnownFileType = text.plist.strings; name = en; path = en.lproj/Localizable.strings; sourceTree = "<group>"; };
		C182182A260EDE850010F354 /* zh-Hans */ = {isa = PBXFileReference; lastKnownFileType = text.plist.strings; name = "zh-Hans"; path = "zh-Hans.lproj/Localizable.strings"; sourceTree = "<group>"; };
		C185892C2A32D21B00ABD633 /* ZJDefaultCell.swift */ = {isa = PBXFileReference; fileEncoding = 4; lastKnownFileType = sourcecode.swift; path = ZJDefaultCell.swift; sourceTree = "<group>"; };
		C185892D2A32D21B00ABD633 /* ZJTableViewSection.swift */ = {isa = PBXFileReference; fileEncoding = 4; lastKnownFileType = sourcecode.swift; path = ZJTableViewSection.swift; sourceTree = "<group>"; };
		C185892E2A32D21B00ABD633 /* ZJProtocol.swift */ = {isa = PBXFileReference; fileEncoding = 4; lastKnownFileType = sourcecode.swift; path = ZJProtocol.swift; sourceTree = "<group>"; };
		C185892F2A32D21B00ABD633 /* ZJTableViewItem.swift */ = {isa = PBXFileReference; fileEncoding = 4; lastKnownFileType = sourcecode.swift; path = ZJTableViewItem.swift; sourceTree = "<group>"; };
		C18589302A32D21B00ABD633 /* ZJTableViewManager.swift */ = {isa = PBXFileReference; fileEncoding = 4; lastKnownFileType = sourcecode.swift; path = ZJTableViewManager.swift; sourceTree = "<group>"; };
		C18589322A32D21B00ABD633 /* ZJExpandTreeCellItem.swift */ = {isa = PBXFileReference; fileEncoding = 4; lastKnownFileType = sourcecode.swift; path = ZJExpandTreeCellItem.swift; sourceTree = "<group>"; };
		C18589332A32D21B00ABD633 /* ZJTableViewManager.h */ = {isa = PBXFileReference; fileEncoding = 4; lastKnownFileType = sourcecode.c.h; path = ZJTableViewManager.h; sourceTree = "<group>"; };
		C18E53E42AB14BB50072E65F /* de */ = {isa = PBXFileReference; lastKnownFileType = text.plist.strings; name = de; path = de.lproj/Main.strings; sourceTree = "<group>"; };
		C18E53E52AB14BB50072E65F /* de */ = {isa = PBXFileReference; lastKnownFileType = text.plist.strings; name = de; path = de.lproj/LaunchScreen.strings; sourceTree = "<group>"; };
		C18E53E62AB14BB50072E65F /* de */ = {isa = PBXFileReference; lastKnownFileType = text.plist.strings; name = de; path = de.lproj/Localizable.strings; sourceTree = "<group>"; };
		C1BF5F7A2A38619A00C928F1 /* UIViewController+EX.swift */ = {isa = PBXFileReference; lastKnownFileType = sourcecode.swift; path = "UIViewController+EX.swift"; sourceTree = "<group>"; };
		C1EEE1532A9F1BDA00DEA411 /* SettingViewController.swift */ = {isa = PBXFileReference; lastKnownFileType = sourcecode.swift; path = SettingViewController.swift; sourceTree = "<group>"; };
		C1EEE1572A9F1DC100DEA411 /* SwitchCell.swift */ = {isa = PBXFileReference; lastKnownFileType = sourcecode.swift; path = SwitchCell.swift; sourceTree = "<group>"; };
		C1EEE1582A9F1DC100DEA411 /* SwitchCell.xib */ = {isa = PBXFileReference; lastKnownFileType = file.xib; path = SwitchCell.xib; sourceTree = "<group>"; };
		C1EEE15B2A9F347700DEA411 /* UIColor+Ex.swift */ = {isa = PBXFileReference; lastKnownFileType = sourcecode.swift; path = "UIColor+Ex.swift"; sourceTree = "<group>"; };
		C1EEE15D2AA074B500DEA411 /* UserDefaults+EX.swift */ = {isa = PBXFileReference; lastKnownFileType = sourcecode.swift; path = "UserDefaults+EX.swift"; sourceTree = "<group>"; };
		C1EEE1AD2AA4BA8900DEA411 /* EditBankCardViewController.swift */ = {isa = PBXFileReference; lastKnownFileType = sourcecode.swift; path = EditBankCardViewController.swift; sourceTree = "<group>"; };
		C1EEE1AF2AA5800700DEA411 /* BankCardCell.swift */ = {isa = PBXFileReference; lastKnownFileType = sourcecode.swift; path = BankCardCell.swift; sourceTree = "<group>"; };
		C1EEE1B02AA5800700DEA411 /* BankCardCell.xib */ = {isa = PBXFileReference; lastKnownFileType = file.xib; path = BankCardCell.xib; sourceTree = "<group>"; };
		C1EEE1B32AA5BAFB00DEA411 /* Notification+EX.swift */ = {isa = PBXFileReference; lastKnownFileType = sourcecode.swift; path = "Notification+EX.swift"; sourceTree = "<group>"; };
		C1EEE1B52AA5D49B00DEA411 /* UITextField+EX.swift */ = {isa = PBXFileReference; lastKnownFileType = sourcecode.swift; path = "UITextField+EX.swift"; sourceTree = "<group>"; };
		C1EEE1B72AA5DD4C00DEA411 /* String+EX.swift */ = {isa = PBXFileReference; lastKnownFileType = sourcecode.swift; path = "String+EX.swift"; sourceTree = "<group>"; };
		C1EEE1D62AA9AE6E00DEA411 /* LAContext+EX.swift */ = {isa = PBXFileReference; lastKnownFileType = sourcecode.swift; path = "LAContext+EX.swift"; sourceTree = "<group>"; };
		C1F92CE12B31401E00971655 /* TopOnAdManager.swift */ = {isa = PBXFileReference; fileEncoding = 4; lastKnownFileType = sourcecode.swift; path = TopOnAdManager.swift; sourceTree = "<group>"; };
		C454F61EAEE62807F332E46D /* Pods-bankcard.debug.xcconfig */ = {isa = PBXFileReference; includeInIndex = 1; lastKnownFileType = text.xcconfig; name = "Pods-bankcard.debug.xcconfig"; path = "Target Support Files/Pods-bankcard/Pods-bankcard.debug.xcconfig"; sourceTree = "<group>"; };
		DE6ED547BE5BEA48CE43D7EF /* Pods_bankcard.framework */ = {isa = PBXFileReference; explicitFileType = wrapper.framework; includeInIndex = 0; path = Pods_bankcard.framework; sourceTree = BUILT_PRODUCTS_DIR; };
/* End PBXFileReference section */

/* Begin PBXFrameworksBuildPhase section */
		C18217B12604E1260010F354 /* Frameworks */ = {
			isa = PBXFrameworksBuildPhase;
			buildActionMask = 2147483647;
			files = (
				C1EEE1CD2AA71C4E00DEA411 /* KeychainSwift in Frameworks */,
				C1D04CA42A32CC5D00E66C7C /* L10n-swift in Frameworks */,
				C1D04CA12A32CC3200E66C7C /* EmptyDataSet-Swift in Frameworks */,
				615710D6C77EA60A8AD5D956 /* Pods_bankcard.framework in Frameworks */,
			);
			runOnlyForDeploymentPostprocessing = 0;
		};
/* End PBXFrameworksBuildPhase section */

/* Begin PBXGroup section */
		3C3E014BA21CF492131D9207 /* Pods */ = {
			isa = PBXGroup;
			children = (
				C454F61EAEE62807F332E46D /* Pods-bankcard.debug.xcconfig */,
				80B268583D84B15DC3C6781A /* Pods-bankcard.release.xcconfig */,
			);
			path = Pods;
			sourceTree = "<group>";
		};
		5C9BD4ED86F92B4B394147C3 /* Frameworks */ = {
			isa = PBXGroup;
			children = (
				DE6ED547BE5BEA48CE43D7EF /* Pods_bankcard.framework */,
			);
			name = Frameworks;
			sourceTree = "<group>";
		};
		C18217AB2604E1260010F354 = {
			isa = PBXGroup;
			children = (
				C18217B62604E1260010F354 /* bankcard */,
				C18217B52604E1260010F354 /* Products */,
				3C3E014BA21CF492131D9207 /* Pods */,
				5C9BD4ED86F92B4B394147C3 /* Frameworks */,
			);
			sourceTree = "<group>";
		};
		C18217B52604E1260010F354 /* Products */ = {
			isa = PBXGroup;
			children = (
				C18217B42604E1260010F354 /* bankcard.app */,
			);
			name = Products;
			sourceTree = "<group>";
		};
		C18217B62604E1260010F354 /* bankcard */ = {
			isa = PBXGroup;
			children = (
				C185892A2A32D21B00ABD633 /* ZJTableViewManager */,
				C18217F82605D09D0010F354 /* Tools */,
				C18217EE2605BF7E0010F354 /* Model */,
				C18217D626059E080010F354 /* Add */,
				C18217D526059DF20010F354 /* Main */,
				C18217B72604E1260010F354 /* AppDelegate.swift */,
				C1F92CE12B31401E00971655 /* TopOnAdManager.swift */,
				C18217B92604E1260010F354 /* SceneDelegate.swift */,
				C18217BD2604E1260010F354 /* Main.storyboard */,
				C18217C02604E1260010F354 /* Assets.xcassets */,
				C18217C22604E1260010F354 /* LaunchScreen.storyboard */,
				C18217C52604E1260010F354 /* Info.plist */,
				C1821822260EDE750010F354 /* Localizable */,
			);
			path = bankcard;
			sourceTree = "<group>";
		};
		C18217D526059DF20010F354 /* Main */ = {
			isa = PBXGroup;
			children = (
				C18217BB2604E1260010F354 /* MainViewController.swift */,
				C1EEE1532A9F1BDA00DEA411 /* SettingViewController.swift */,
				C18217D12604E7560010F354 /* CardTableViewCell.swift */,
				C18217D02604E7560010F354 /* CardTableViewCell.xib */,
			);
			path = Main;
			sourceTree = "<group>";
		};
		C18217D626059E080010F354 /* Add */ = {
			isa = PBXGroup;
			children = (
				C18217D726059E350010F354 /* AddViewController.swift */,
				C18217DC2605A08B0010F354 /* AddCell.swift */,
				C18217DD2605A08B0010F354 /* AddCell.xib */,
				C18217E12605A4B10010F354 /* AddBankCardViewController.swift */,
				C1EEE1AD2AA4BA8900DEA411 /* EditBankCardViewController.swift */,
				C18218002605DA230010F354 /* TypeBankInfoViewController.swift */,
				C18218052605DA920010F354 /* InputBankCardView.xib */,
				C18218082605DBFF0010F354 /* InputBankCardView.swift */,
				C1EEE1AF2AA5800700DEA411 /* BankCardCell.swift */,
				C1EEE1B02AA5800700DEA411 /* BankCardCell.xib */,
				C1EEE1572A9F1DC100DEA411 /* SwitchCell.swift */,
				C1EEE1582A9F1DC100DEA411 /* SwitchCell.xib */,
			);
			path = Add;
			sourceTree = "<group>";
		};
		C18217EE2605BF7E0010F354 /* Model */ = {
			isa = PBXGroup;
			children = (
				C18217EF2605BF9D0010F354 /* CardType.swift */,
				C182180C2605FE950010F354 /* PassCore.swift */,
			);
			path = Model;
			sourceTree = "<group>";
		};
		C18217F82605D09D0010F354 /* Tools */ = {
			isa = PBXGroup;
			children = (
				C18217FD2605D5780010F354 /* Tool.swift */,
				C1BF5F7A2A38619A00C928F1 /* UIViewController+EX.swift */,
				C1EEE15B2A9F347700DEA411 /* UIColor+Ex.swift */,
				C1EEE15D2AA074B500DEA411 /* UserDefaults+EX.swift */,
				C1EEE1B32AA5BAFB00DEA411 /* Notification+EX.swift */,
				C1EEE1B52AA5D49B00DEA411 /* UITextField+EX.swift */,
				C1EEE1D62AA9AE6E00DEA411 /* LAContext+EX.swift */,
				C1EEE1B72AA5DD4C00DEA411 /* String+EX.swift */,
			);
			path = Tools;
			sourceTree = "<group>";
		};
		C1821822260EDE750010F354 /* Localizable */ = {
			isa = PBXGroup;
			children = (
				C1821828260EDE800010F354 /* Localizable.strings */,
			);
			path = Localizable;
			sourceTree = SOURCE_ROOT;
		};
		C185892A2A32D21B00ABD633 /* ZJTableViewManager */ = {
			isa = PBXGroup;
			children = (
				C185892B2A32D21B00ABD633 /* Core */,
				C18589312A32D21B00ABD633 /* Other */,
				C18589332A32D21B00ABD633 /* ZJTableViewManager.h */,
			);
			path = ZJTableViewManager;
			sourceTree = "<group>";
		};
		C185892B2A32D21B00ABD633 /* Core */ = {
			isa = PBXGroup;
			children = (
				C185892C2A32D21B00ABD633 /* ZJDefaultCell.swift */,
				C185892D2A32D21B00ABD633 /* ZJTableViewSection.swift */,
				C185892E2A32D21B00ABD633 /* ZJProtocol.swift */,
				C185892F2A32D21B00ABD633 /* ZJTableViewItem.swift */,
				C18589302A32D21B00ABD633 /* ZJTableViewManager.swift */,
			);
			path = Core;
			sourceTree = "<group>";
		};
		C18589312A32D21B00ABD633 /* Other */ = {
			isa = PBXGroup;
			children = (
				C18589322A32D21B00ABD633 /* ZJExpandTreeCellItem.swift */,
			);
			path = Other;
			sourceTree = "<group>";
		};
/* End PBXGroup section */

/* Begin PBXNativeTarget section */
		C18217B32604E1260010F354 /* bankcard */ = {
			isa = PBXNativeTarget;
			buildConfigurationList = C18217C82604E1260010F354 /* Build configuration list for PBXNativeTarget "bankcard" */;
			buildPhases = (
				29D603FA168AB91B61107520 /* [CP] Check Pods Manifest.lock */,
				C18217B02604E1260010F354 /* Sources */,
				C18217B12604E1260010F354 /* Frameworks */,
				C18217B22604E1260010F354 /* Resources */,
				B431FBF6B1A5E99DAFC13F4F /* [CP] Embed Pods Frameworks */,
				EF77B0A7921797E8466CDE59 /* [CP] Copy Pods Resources */,
			);
			buildRules = (
			);
			dependencies = (
			);
			name = bankcard;
			packageProductDependencies = (
				C1D04CA02A32CC3200E66C7C /* EmptyDataSet-Swift */,
				C1D04CA32A32CC5D00E66C7C /* L10n-swift */,
				C1EEE1CC2AA71C4E00DEA411 /* KeychainSwift */,
			);
			productName = bankcard;
			productReference = C18217B42604E1260010F354 /* bankcard.app */;
			productType = "com.apple.product-type.application";
		};
/* End PBXNativeTarget section */

/* Begin PBXProject section */
		C18217AC2604E1260010F354 /* Project object */ = {
			isa = PBXProject;
			attributes = {
				BuildIndependentTargetsInParallel = YES;
				LastSwiftUpdateCheck = 1240;
				LastUpgradeCheck = 1430;
				TargetAttributes = {
					C18217B32604E1260010F354 = {
						CreatedOnToolsVersion = 12.4;
					};
				};
			};
			buildConfigurationList = C18217AF2604E1260010F354 /* Build configuration list for PBXProject "bankcard" */;
			compatibilityVersion = "Xcode 13.0";
			developmentRegion = en;
			hasScannedForEncodings = 0;
			knownRegions = (
				en,
				Base,
				"zh-Hans",
				ja,
				ko,
				"zh-HK",
				"zh-Hant",
				fr,
				de,
			);
			mainGroup = C18217AB2604E1260010F354;
			packageReferences = (
				C1D04C9F2A32CC3200E66C7C /* XCRemoteSwiftPackageReference "EmptyDataSet-Swift" */,
				C1D04CA22A32CC5D00E66C7C /* XCRemoteSwiftPackageReference "L10n-swift" */,
				C1EEE1CB2AA71C4E00DEA411 /* XCRemoteSwiftPackageReference "keychain-swift" */,
			);
			productRefGroup = C18217B52604E1260010F354 /* Products */;
			projectDirPath = "";
			projectRoot = "";
			targets = (
				C18217B32604E1260010F354 /* bankcard */,
			);
		};
/* End PBXProject section */

/* Begin PBXResourcesBuildPhase section */
		C18217B22604E1260010F354 /* Resources */ = {
			isa = PBXResourcesBuildPhase;
			buildActionMask = 2147483647;
			files = (
				C1821826260EDE800010F354 /* Localizable.strings in Resources */,
				C18217C42604E1260010F354 /* LaunchScreen.storyboard in Resources */,
				C18217C12604E1260010F354 /* Assets.xcassets in Resources */,
				C18217BF2604E1260010F354 /* Main.storyboard in Resources */,
				C18217DF2605A08B0010F354 /* AddCell.xib in Resources */,
				C18217D22604E7560010F354 /* CardTableViewCell.xib in Resources */,
				C18218062605DA920010F354 /* InputBankCardView.xib in Resources */,
				C1EEE1B22AA5800700DEA411 /* BankCardCell.xib in Resources */,
				C1EEE15A2A9F1DC100DEA411 /* SwitchCell.xib in Resources */,
			);
			runOnlyForDeploymentPostprocessing = 0;
		};
/* End PBXResourcesBuildPhase section */

/* Begin PBXShellScriptBuildPhase section */
		29D603FA168AB91B61107520 /* [CP] Check Pods Manifest.lock */ = {
			isa = PBXShellScriptBuildPhase;
			buildActionMask = 2147483647;
			files = (
			);
			inputFileListPaths = (
			);
			inputPaths = (
				"${PODS_PODFILE_DIR_PATH}/Podfile.lock",
				"${PODS_ROOT}/Manifest.lock",
			);
			name = "[CP] Check Pods Manifest.lock";
			outputFileListPaths = (
			);
			outputPaths = (
				"$(DERIVED_FILE_DIR)/Pods-bankcard-checkManifestLockResult.txt",
			);
			runOnlyForDeploymentPostprocessing = 0;
			shellPath = /bin/sh;
			shellScript = "diff \"${PODS_PODFILE_DIR_PATH}/Podfile.lock\" \"${PODS_ROOT}/Manifest.lock\" > /dev/null\nif [ $? != 0 ] ; then\n    # print error to STDERR\n    echo \"error: The sandbox is not in sync with the Podfile.lock. Run 'pod install' or update your CocoaPods installation.\" >&2\n    exit 1\nfi\n# This output is used by Xcode 'outputs' to avoid re-running this script phase.\necho \"SUCCESS\" > \"${SCRIPT_OUTPUT_FILE_0}\"\n";
			showEnvVarsInLog = 0;
		};
		B431FBF6B1A5E99DAFC13F4F /* [CP] Embed Pods Frameworks */ = {
			isa = PBXShellScriptBuildPhase;
			buildActionMask = 2147483647;
			files = (
			);
			inputFileListPaths = (
				"${PODS_ROOT}/Target Support Files/Pods-bankcard/Pods-bankcard-frameworks-${CONFIGURATION}-input-files.xcfilelist",
			);
			name = "[CP] Embed Pods Frameworks";
			outputFileListPaths = (
				"${PODS_ROOT}/Target Support Files/Pods-bankcard/Pods-bankcard-frameworks-${CONFIGURATION}-output-files.xcfilelist",
			);
			runOnlyForDeploymentPostprocessing = 0;
			shellPath = /bin/sh;
			shellScript = "\"${PODS_ROOT}/Target Support Files/Pods-bankcard/Pods-bankcard-frameworks.sh\"\n";
			showEnvVarsInLog = 0;
		};
		EF77B0A7921797E8466CDE59 /* [CP] Copy Pods Resources */ = {
			isa = PBXShellScriptBuildPhase;
			buildActionMask = 2147483647;
			files = (
			);
			inputFileListPaths = (
				"${PODS_ROOT}/Target Support Files/Pods-bankcard/Pods-bankcard-resources-${CONFIGURATION}-input-files.xcfilelist",
			);
			name = "[CP] Copy Pods Resources";
			outputFileListPaths = (
				"${PODS_ROOT}/Target Support Files/Pods-bankcard/Pods-bankcard-resources-${CONFIGURATION}-output-files.xcfilelist",
			);
			runOnlyForDeploymentPostprocessing = 0;
			shellPath = /bin/sh;
			shellScript = "\"${PODS_ROOT}/Target Support Files/Pods-bankcard/Pods-bankcard-resources.sh\"\n";
			showEnvVarsInLog = 0;
		};
/* End PBXShellScriptBuildPhase section */

/* Begin PBXSourcesBuildPhase section */
		C18217B02604E1260010F354 /* Sources */ = {
			isa = PBXSourcesBuildPhase;
			buildActionMask = 2147483647;
			files = (
				C1EEE15C2A9F347700DEA411 /* UIColor+Ex.swift in Sources */,
				C18589352A32D21B00ABD633 /* ZJTableViewSection.swift in Sources */,
				C1EEE1542A9F1BDA00DEA411 /* SettingViewController.swift in Sources */,
				C18589362A32D21B00ABD633 /* ZJProtocol.swift in Sources */,
				C182180D2605FE950010F354 /* PassCore.swift in Sources */,
				C1F92CE22B31401E00971655 /* TopOnAdManager.swift in Sources */,
				C18217D826059E350010F354 /* AddViewController.swift in Sources */,
				C18589392A32D21B00ABD633 /* ZJExpandTreeCellItem.swift in Sources */,
				C18589372A32D21B00ABD633 /* ZJTableViewItem.swift in Sources */,
				C1EEE1D72AA9AE6E00DEA411 /* LAContext+EX.swift in Sources */,
				C18217BC2604E1260010F354 /* MainViewController.swift in Sources */,
				C18217FE2605D5780010F354 /* Tool.swift in Sources */,
				C1BF5F7B2A38619A00C928F1 /* UIViewController+EX.swift in Sources */,
				C18217E22605A4B10010F354 /* AddBankCardViewController.swift in Sources */,
				C18217B82604E1260010F354 /* AppDelegate.swift in Sources */,
				C18589342A32D21B00ABD633 /* ZJDefaultCell.swift in Sources */,
				C1EEE1AE2AA4BA8900DEA411 /* EditBankCardViewController.swift in Sources */,
				C1EEE1592A9F1DC100DEA411 /* SwitchCell.swift in Sources */,
				C18589382A32D21B00ABD633 /* ZJTableViewManager.swift in Sources */,
				C1EEE1B42AA5BAFB00DEA411 /* Notification+EX.swift in Sources */,
				C1EEE15E2AA074B500DEA411 /* UserDefaults+EX.swift in Sources */,
				C18217DE2605A08B0010F354 /* AddCell.swift in Sources */,
				C1EEE1B12AA5800700DEA411 /* BankCardCell.swift in Sources */,
				C18218022605DA230010F354 /* TypeBankInfoViewController.swift in Sources */,
				C18217F02605BF9D0010F354 /* CardType.swift in Sources */,
				C18217BA2604E1260010F354 /* SceneDelegate.swift in Sources */,
				C1EEE1B82AA5DD4C00DEA411 /* String+EX.swift in Sources */,
				C18217D32604E7560010F354 /* CardTableViewCell.swift in Sources */,
				C1EEE1B62AA5D49B00DEA411 /* UITextField+EX.swift in Sources */,
				C18218092605DBFF0010F354 /* InputBankCardView.swift in Sources */,
			);
			runOnlyForDeploymentPostprocessing = 0;
		};
/* End PBXSourcesBuildPhase section */

/* Begin PBXVariantGroup section */
		C18217BD2604E1260010F354 /* Main.storyboard */ = {
			isa = PBXVariantGroup;
			children = (
				C18217BE2604E1260010F354 /* Base */,
				C129C7D02AAB183C0099CCCB /* ja */,
				C129C7D32AAB18B20099CCCB /* ko */,
				C129C7D62AAB59680099CCCB /* zh-HK */,
				C129C7D92AAB59760099CCCB /* zh-Hant */,
				C129C7DC2AAB5CE60099CCCB /* fr */,
				C18E53E42AB14BB50072E65F /* de */,
			);
			name = Main.storyboard;
			sourceTree = "<group>";
		};
		C18217C22604E1260010F354 /* LaunchScreen.storyboard */ = {
			isa = PBXVariantGroup;
			children = (
				C18217C32604E1260010F354 /* Base */,
				C129C7D12AAB183C0099CCCB /* ja */,
				C129C7D42AAB18B20099CCCB /* ko */,
				C129C7D72AAB59680099CCCB /* zh-HK */,
				C129C7DA2AAB59760099CCCB /* zh-Hant */,
				C129C7DD2AAB5CE60099CCCB /* fr */,
				C18E53E52AB14BB50072E65F /* de */,
			);
			name = LaunchScreen.storyboard;
			sourceTree = "<group>";
		};
		C1821828260EDE800010F354 /* Localizable.strings */ = {
			isa = PBXVariantGroup;
			children = (
				C1821827260EDE800010F354 /* en */,
				C182182A260EDE850010F354 /* zh-Hans */,
				C129C7D22AAB183C0099CCCB /* ja */,
				C129C7D52AAB18B20099CCCB /* ko */,
				C129C7D82AAB59690099CCCB /* zh-HK */,
				C129C7DB2AAB59760099CCCB /* zh-Hant */,
				C129C7DE2AAB5CE60099CCCB /* fr */,
				C18E53E62AB14BB50072E65F /* de */,
			);
			name = Localizable.strings;
			sourceTree = "<group>";
		};
/* End PBXVariantGroup section */

/* Begin XCBuildConfiguration section */
		C18217C62604E1260010F354 /* Debug */ = {
			isa = XCBuildConfiguration;
			buildSettings = {
				ALWAYS_SEARCH_USER_PATHS = NO;
				CLANG_ANALYZER_LOCALIZABILITY_NONLOCALIZED = YES;
				CLANG_ANALYZER_NONNULL = YES;
				CLANG_ANALYZER_NUMBER_OBJECT_CONVERSION = YES_AGGRESSIVE;
				CLANG_CXX_LANGUAGE_STANDARD = "gnu++14";
				CLANG_CXX_LIBRARY = "libc++";
				CLANG_ENABLE_MODULES = YES;
				CLANG_ENABLE_OBJC_ARC = YES;
				CLANG_ENABLE_OBJC_WEAK = YES;
				CLANG_WARN_BLOCK_CAPTURE_AUTORELEASING = YES;
				CLANG_WARN_BOOL_CONVERSION = YES;
				CLANG_WARN_COMMA = YES;
				CLANG_WARN_CONSTANT_CONVERSION = YES;
				CLANG_WARN_DEPRECATED_OBJC_IMPLEMENTATIONS = YES;
				CLANG_WARN_DIRECT_OBJC_ISA_USAGE = YES_ERROR;
				CLANG_WARN_DOCUMENTATION_COMMENTS = YES;
				CLANG_WARN_EMPTY_BODY = YES;
				CLANG_WARN_ENUM_CONVERSION = YES;
				CLANG_WARN_INFINITE_RECURSION = YES;
				CLANG_WARN_INT_CONVERSION = YES;
				CLANG_WARN_NON_LITERAL_NULL_CONVERSION = YES;
				CLANG_WARN_OBJC_IMPLICIT_RETAIN_SELF = YES;
				CLANG_WARN_OBJC_LITERAL_CONVERSION = YES;
				CLANG_WARN_OBJC_ROOT_CLASS = YES_ERROR;
				CLANG_WARN_QUOTED_INCLUDE_IN_FRAMEWORK_HEADER = YES;
				CLANG_WARN_RANGE_LOOP_ANALYSIS = YES;
				CLANG_WARN_STRICT_PROTOTYPES = YES;
				CLANG_WARN_SUSPICIOUS_MOVE = YES;
				CLANG_WARN_UNGUARDED_AVAILABILITY = YES_AGGRESSIVE;
				CLANG_WARN_UNREACHABLE_CODE = YES;
				CLANG_WARN__DUPLICATE_METHOD_MATCH = YES;
				COPY_PHASE_STRIP = NO;
				DEBUG_INFORMATION_FORMAT = dwarf;
				ENABLE_STRICT_OBJC_MSGSEND = YES;
				ENABLE_TESTABILITY = YES;
				GCC_C_LANGUAGE_STANDARD = gnu11;
				GCC_DYNAMIC_NO_PIC = NO;
				GCC_NO_COMMON_BLOCKS = YES;
				GCC_OPTIMIZATION_LEVEL = 0;
				GCC_PREPROCESSOR_DEFINITIONS = (
					"DEBUG=1",
					"$(inherited)",
				);
				GCC_WARN_64_TO_32_BIT_CONVERSION = YES;
				GCC_WARN_ABOUT_RETURN_TYPE = YES_ERROR;
				GCC_WARN_UNDECLARED_SELECTOR = YES;
				GCC_WARN_UNINITIALIZED_AUTOS = YES_AGGRESSIVE;
				GCC_WARN_UNUSED_FUNCTION = YES;
				GCC_WARN_UNUSED_VARIABLE = YES;
				IPHONEOS_DEPLOYMENT_TARGET = 15.0;
				MTL_ENABLE_DEBUG_INFO = INCLUDE_SOURCE;
				MTL_FAST_MATH = YES;
				ONLY_ACTIVE_ARCH = YES;
				SDKROOT = iphoneos;
				SWIFT_ACTIVE_COMPILATION_CONDITIONS = DEBUG;
				SWIFT_OPTIMIZATION_LEVEL = "-Onone";
			};
			name = Debug;
		};
		C18217C72604E1260010F354 /* Release */ = {
			isa = XCBuildConfiguration;
			buildSettings = {
				ALWAYS_SEARCH_USER_PATHS = NO;
				CLANG_ANALYZER_LOCALIZABILITY_NONLOCALIZED = YES;
				CLANG_ANALYZER_NONNULL = YES;
				CLANG_ANALYZER_NUMBER_OBJECT_CONVERSION = YES_AGGRESSIVE;
				CLANG_CXX_LANGUAGE_STANDARD = "gnu++14";
				CLANG_CXX_LIBRARY = "libc++";
				CLANG_ENABLE_MODULES = YES;
				CLANG_ENABLE_OBJC_ARC = YES;
				CLANG_ENABLE_OBJC_WEAK = YES;
				CLANG_WARN_BLOCK_CAPTURE_AUTORELEASING = YES;
				CLANG_WARN_BOOL_CONVERSION = YES;
				CLANG_WARN_COMMA = YES;
				CLANG_WARN_CONSTANT_CONVERSION = YES;
				CLANG_WARN_DEPRECATED_OBJC_IMPLEMENTATIONS = YES;
				CLANG_WARN_DIRECT_OBJC_ISA_USAGE = YES_ERROR;
				CLANG_WARN_DOCUMENTATION_COMMENTS = YES;
				CLANG_WARN_EMPTY_BODY = YES;
				CLANG_WARN_ENUM_CONVERSION = YES;
				CLANG_WARN_INFINITE_RECURSION = YES;
				CLANG_WARN_INT_CONVERSION = YES;
				CLANG_WARN_NON_LITERAL_NULL_CONVERSION = YES;
				CLANG_WARN_OBJC_IMPLICIT_RETAIN_SELF = YES;
				CLANG_WARN_OBJC_LITERAL_CONVERSION = YES;
				CLANG_WARN_OBJC_ROOT_CLASS = YES_ERROR;
				CLANG_WARN_QUOTED_INCLUDE_IN_FRAMEWORK_HEADER = YES;
				CLANG_WARN_RANGE_LOOP_ANALYSIS = YES;
				CLANG_WARN_STRICT_PROTOTYPES = YES;
				CLANG_WARN_SUSPICIOUS_MOVE = YES;
				CLANG_WARN_UNGUARDED_AVAILABILITY = YES_AGGRESSIVE;
				CLANG_WARN_UNREACHABLE_CODE = YES;
				CLANG_WARN__DUPLICATE_METHOD_MATCH = YES;
				COPY_PHASE_STRIP = NO;
				DEBUG_INFORMATION_FORMAT = "dwarf-with-dsym";
				ENABLE_NS_ASSERTIONS = NO;
				ENABLE_STRICT_OBJC_MSGSEND = YES;
				GCC_C_LANGUAGE_STANDARD = gnu11;
				GCC_NO_COMMON_BLOCKS = YES;
				GCC_WARN_64_TO_32_BIT_CONVERSION = YES;
				GCC_WARN_ABOUT_RETURN_TYPE = YES_ERROR;
				GCC_WARN_UNDECLARED_SELECTOR = YES;
				GCC_WARN_UNINITIALIZED_AUTOS = YES_AGGRESSIVE;
				GCC_WARN_UNUSED_FUNCTION = YES;
				GCC_WARN_UNUSED_VARIABLE = YES;
				IPHONEOS_DEPLOYMENT_TARGET = 15.0;
				MTL_ENABLE_DEBUG_INFO = NO;
				MTL_FAST_MATH = YES;
				SDKROOT = iphoneos;
				SWIFT_COMPILATION_MODE = wholemodule;
				SWIFT_OPTIMIZATION_LEVEL = "-O";
				VALIDATE_PRODUCT = YES;
			};
			name = Release;
		};
		C18217C92604E1260010F354 /* Debug */ = {
			isa = XCBuildConfiguration;
			baseConfigurationReference = C454F61EAEE62807F332E46D /* Pods-bankcard.debug.xcconfig */;
			buildSettings = {
				ASSETCATALOG_COMPILER_APPICON_NAME = AppIcon;
				ASSETCATALOG_COMPILER_GLOBAL_ACCENT_COLOR_NAME = AccentColor;
				ASSETCATALOG_COMPILER_INCLUDE_ALL_APPICON_ASSETS = YES;
				CODE_SIGN_STYLE = Automatic;
				CURRENT_PROJECT_VERSION = 1310;
				DEVELOPMENT_TEAM = 97CWPB3835;
				INFOPLIST_FILE = bankcard/Info.plist;
				INFOPLIST_KEY_CFBundleDisplayName = "简简单单会员卡";
				INFOPLIST_KEY_LSApplicationCategoryType = "public.app-category.lifestyle";
				IPHONEOS_DEPLOYMENT_TARGET = 15.0;
				LD_RUNPATH_SEARCH_PATHS = (
					"$(inherited)",
					"@executable_path/Frameworks",
				);
				MARKETING_VERSION = 1.3.1;
				PRODUCT_BUNDLE_IDENTIFIER = oneteam.bankcard;
				PRODUCT_NAME = "$(TARGET_NAME)";
				SUPPORTED_PLATFORMS = "iphoneos iphonesimulator";
				SUPPORTS_MACCATALYST = NO;
				SUPPORTS_MAC_DESIGNED_FOR_IPHONE_IPAD = NO;
				SWIFT_VERSION = 5.0;
				TARGETED_DEVICE_FAMILY = 1;
			};
			name = Debug;
		};
		C18217CA2604E1260010F354 /* Release */ = {
			isa = XCBuildConfiguration;
			baseConfigurationReference = 80B268583D84B15DC3C6781A /* Pods-bankcard.release.xcconfig */;
			buildSettings = {
				ASSETCATALOG_COMPILER_APPICON_NAME = AppIcon;
				ASSETCATALOG_COMPILER_GLOBAL_ACCENT_COLOR_NAME = AccentColor;
				ASSETCATALOG_COMPILER_INCLUDE_ALL_APPICON_ASSETS = YES;
				CODE_SIGN_STYLE = Automatic;
				CURRENT_PROJECT_VERSION = 1310;
				DEVELOPMENT_TEAM = 97CWPB3835;
				INFOPLIST_FILE = bankcard/Info.plist;
				INFOPLIST_KEY_CFBundleDisplayName = "简简单单会员卡";
				INFOPLIST_KEY_LSApplicationCategoryType = "public.app-category.lifestyle";
				IPHONEOS_DEPLOYMENT_TARGET = 15.0;
				LD_RUNPATH_SEARCH_PATHS = (
					"$(inherited)",
					"@executable_path/Frameworks",
				);
				MARKETING_VERSION = 1.3.1;
				PRODUCT_BUNDLE_IDENTIFIER = oneteam.bankcard;
				PRODUCT_NAME = "$(TARGET_NAME)";
				SUPPORTED_PLATFORMS = "iphoneos iphonesimulator";
				SUPPORTS_MACCATALYST = NO;
				SUPPORTS_MAC_DESIGNED_FOR_IPHONE_IPAD = NO;
				SWIFT_VERSION = 5.0;
				TARGETED_DEVICE_FAMILY = 1;
			};
			name = Release;
		};
/* End XCBuildConfiguration section */

/* Begin XCConfigurationList section */
		C18217AF2604E1260010F354 /* Build configuration list for PBXProject "bankcard" */ = {
			isa = XCConfigurationList;
			buildConfigurations = (
				C18217C62604E1260010F354 /* Debug */,
				C18217C72604E1260010F354 /* Release */,
			);
			defaultConfigurationIsVisible = 0;
			defaultConfigurationName = Release;
		};
		C18217C82604E1260010F354 /* Build configuration list for PBXNativeTarget "bankcard" */ = {
			isa = XCConfigurationList;
			buildConfigurations = (
				C18217C92604E1260010F354 /* Debug */,
				C18217CA2604E1260010F354 /* Release */,
			);
			defaultConfigurationIsVisible = 0;
			defaultConfigurationName = Release;
		};
/* End XCConfigurationList section */

/* Begin XCRemoteSwiftPackageReference section */
		C1D04C9F2A32CC3200E66C7C /* XCRemoteSwiftPackageReference "EmptyDataSet-Swift" */ = {
			isa = XCRemoteSwiftPackageReference;
			repositoryURL = "https://github.com/Xiaoye220/EmptyDataSet-Swift";
			requirement = {
				kind = upToNextMajorVersion;
				minimumVersion = 5.0.0;
			};
		};
		C1D04CA22A32CC5D00E66C7C /* XCRemoteSwiftPackageReference "L10n-swift" */ = {
			isa = XCRemoteSwiftPackageReference;
			repositoryURL = "https://github.com/Decybel07/L10n-swift.git";
			requirement = {
				kind = upToNextMajorVersion;
				minimumVersion = 5.10.0;
			};
		};
		C1EEE1CB2AA71C4E00DEA411 /* XCRemoteSwiftPackageReference "keychain-swift" */ = {
			isa = XCRemoteSwiftPackageReference;
			repositoryURL = "https://github.com/evgenyneu/keychain-swift.git";
			requirement = {
				kind = upToNextMajorVersion;
				minimumVersion = 20.0.0;
			};
		};
/* End XCRemoteSwiftPackageReference section */

/* Begin XCSwiftPackageProductDependency section */
		C1D04CA02A32CC3200E66C7C /* EmptyDataSet-Swift */ = {
			isa = XCSwiftPackageProductDependency;
			package = C1D04C9F2A32CC3200E66C7C /* XCRemoteSwiftPackageReference "EmptyDataSet-Swift" */;
			productName = "EmptyDataSet-Swift";
		};
		C1D04CA32A32CC5D00E66C7C /* L10n-swift */ = {
			isa = XCSwiftPackageProductDependency;
			package = C1D04CA22A32CC5D00E66C7C /* XCRemoteSwiftPackageReference "L10n-swift" */;
			productName = "L10n-swift";
		};
		C1EEE1CC2AA71C4E00DEA411 /* KeychainSwift */ = {
			isa = XCSwiftPackageProductDependency;
			package = C1EEE1CB2AA71C4E00DEA411 /* XCRemoteSwiftPackageReference "keychain-swift" */;
			productName = KeychainSwift;
		};
/* End XCSwiftPackageProductDependency section */
	};
	rootObject = C18217AC2604E1260010F354 /* Project object */;
}
