{
  "pins" : [
    {
      "identity" : "emptydataset-swift",
      "kind" : "remoteSourceControl",
      "location" : "https://github.com/Xiaoye220/EmptyDataSet-Swift",
      "state" : {
        "revision" : "ffaa10404b3c7582532887adc7a0f8558f656673",
        "version" : "5.0.2"
      }
    },
    {
      "identity" : "l10n-swift",
      "kind" : "remoteSourceControl",
      "location" : "https://github.com/Decybel07/L10n-swift.git",
      "state" : {
        "revision" : "813aa7229b7e32e2cc579055bdc6ac2195c72ff9",
        "version" : "5.10.2"
      }
    }
  ],
  "version" : 2
}
